
Microsoft Visual Studio Solution File, Format Version 12.00
# Visual Studio Version 17
VisualStudioVersion = 17.0.31410.414
MinimumVisualStudioVersion = 10.0.40219.1
Project("{2150E333-8FDC-42A3-9474-1A3956D46DE8}") = "src", "src", "{69317E21-48AA-4455-9EF9-3C268C68E0FB}"
EndProject
Project("{2150E333-8FDC-42A3-9474-1A3956D46DE8}") = "Solution Items", "Solution Items", "{AF8411C5-8AB9-425A-B348-145433E2C82A}"
	ProjectSection(SolutionItems) = preProject
		ServiceUrls.txt = ServiceUrls.txt
	EndProjectSection
EndProject
Project("{2150E333-8FDC-42A3-9474-1A3956D46DE8}") = "ApiGateways", "ApiGateways", "{2A59AEE0-CCD3-4F17-AC6E-5A9BCA75B345}"
EndProject
Project("{2150E333-8FDC-42A3-9474-1A3956D46DE8}") = "BuildingBlocks", "BuildingBlocks", "{64BDD445-DA89-4A83-81BE-4DB376C50220}"
EndProject
Project("{2150E333-8FDC-42A3-9474-1A3956D46DE8}") = "Services", "Services", "{E8318620-60FB-4F9F-9E98-3FE4D227968B}"
EndProject
Project("{2150E333-8FDC-42A3-9474-1A3956D46DE8}") = "Clients", "Clients", "{7A3B7F3F-323F-49B6-90C7-7F84458CE9EE}"
EndProject
Project("{2150E333-8FDC-42A3-9474-1A3956D46DE8}") = "WebApiGateway", "WebApiGateway", "{701CEF9E-5A7A-413B-B2E4-42F1C2707CFC}"
EndProject
Project("{9A19103F-16F7-4668-BE54-9A1E7A4F7556}") = "Web.ApiGateway", "src\ApiGateways\WebApiGateway\Web.ApiGateway\Web.ApiGateway.csproj", "{03F9814F-08B4-4BF8-A9C7-B1453494F474}"
EndProject
Project("{2150E333-8FDC-42A3-9474-1A3956D46DE8}") = "EventBus", "EventBus", "{0214B343-C1F8-426E-9F09-A3C420D17623}"
EndProject
Project("{9A19103F-16F7-4668-BE54-9A1E7A4F7556}") = "EventBus.Base", "src\BuildingBlocks\EventBus\EventBus.Base\EventBus.Base.csproj", "{0FED635A-7B32-4FA9-8E0B-5AC058565A09}"
EndProject
Project("{9A19103F-16F7-4668-BE54-9A1E7A4F7556}") = "EventBus.Factory", "src\BuildingBlocks\EventBus\EventBus.Factory\EventBus.Factory.csproj", "{723D5BAF-99BC-43E6-9289-6C7AE58CD2D9}"
EndProject
Project("{9A19103F-16F7-4668-BE54-9A1E7A4F7556}") = "EventBus.AzureServiceBus", "src\BuildingBlocks\EventBus\EventBus.AzureServiceBus\EventBus.AzureServiceBus.csproj", "{AB0D0DA4-236E-4859-9F1D-DB79B00B6D09}"
EndProject
Project("{9A19103F-16F7-4668-BE54-9A1E7A4F7556}") = "EventBus.RabbitMQ", "src\BuildingBlocks\EventBus\EventBus.RabbitMQ\EventBus.RabbitMQ.csproj", "{74E048B7-68F3-4BA1-9D05-15331A6873E9}"
EndProject
Project("{2150E333-8FDC-42A3-9474-1A3956D46DE8}") = "BlazorWebApp", "BlazorWebApp", "{3505A2D1-16C1-4BEB-9186-F90071C752A9}"
EndProject
Project("{9A19103F-16F7-4668-BE54-9A1E7A4F7556}") = "WebApp", "src\Clients\BlazorWebApp\WebApp\WebApp.csproj", "{BA64F436-82EA-4F08-AB4F-80C88A0A21F9}"
EndProject
Project("{2150E333-8FDC-42A3-9474-1A3956D46DE8}") = "BasketService", "BasketService", "{DC0C3366-2A5A-4621-AE51-FF1675BE2D89}"
EndProject
Project("{9A19103F-16F7-4668-BE54-9A1E7A4F7556}") = "BasketService.Api", "src\Services\BasketService\BasketService.Api\BasketService.Api.csproj", "{D3AC8167-F28D-4C4B-8423-FAF8EE82B2F0}"
EndProject
Project("{2150E333-8FDC-42A3-9474-1A3956D46DE8}") = "CatalogService", "CatalogService", "{F19D88C3-F4FE-4060-AD8B-444C6C2035EA}"
EndProject
Project("{9A19103F-16F7-4668-BE54-9A1E7A4F7556}") = "CatalogService.Api", "src\Services\CatalogService\CatalogService.Api\CatalogService.Api.csproj", "{5D8E6496-4182-4005-9EC1-9C5C8E3D15CD}"
EndProject
Project("{2150E333-8FDC-42A3-9474-1A3956D46DE8}") = "IdentityService", "IdentityService", "{3979E8EA-4F37-495F-94DA-D5688420D83F}"
EndProject
Project("{9A19103F-16F7-4668-BE54-9A1E7A4F7556}") = "IdentityService.Api", "src\Services\IdentityService\IdentityService.Api\IdentityService.Api.csproj", "{62DE1169-E25F-4517-BA55-1E1D10E74D72}"
EndProject
Project("{2150E333-8FDC-42A3-9474-1A3956D46DE8}") = "NotificationService", "NotificationService", "{6DB13EFB-2CA3-4B85-B36C-3B4107BE258C}"
EndProject
Project("{9A19103F-16F7-4668-BE54-9A1E7A4F7556}") = "NotificationService", "src\Services\NotificationService\NotificationService\NotificationService.csproj", "{46802FC4-FB1C-46AA-A11F-3659125F249E}"
EndProject
Project("{2150E333-8FDC-42A3-9474-1A3956D46DE8}") = "OrderService", "OrderService", "{7598157E-D6A3-4C91-916C-EC514E3EFF74}"
EndProject
Project("{9A19103F-16F7-4668-BE54-9A1E7A4F7556}") = "OrderService.Domain", "src\Services\OrderService\OrderService.Domain\OrderService.Domain.csproj", "{3E915A6E-6929-4DB6-88EF-BE51270BD6EF}"
EndProject
Project("{9A19103F-16F7-4668-BE54-9A1E7A4F7556}") = "OrderService.Application", "src\Services\OrderService\OrderService.Application\OrderService.Application.csproj", "{2C52AA4F-6F90-4C7E-8333-0DFC96ACA325}"
EndProject
Project("{9A19103F-16F7-4668-BE54-9A1E7A4F7556}") = "OrderService.Infrastructure", "src\Services\OrderService\OrderService.Infrastructure\OrderService.Infrastructure.csproj", "{FF2CBB60-BC34-4EA4-A90B-A9A4F521765D}"
EndProject
Project("{9A19103F-16F7-4668-BE54-9A1E7A4F7556}") = "OrderService.Api", "src\Services\OrderService\OrderService.Api\OrderService.Api.csproj", "{6710A90F-3026-4D0A-9CDB-C74DAAB76B84}"
EndProject
Project("{2150E333-8FDC-42A3-9474-1A3956D46DE8}") = "PaymentService", "PaymentService", "{39F93B3D-E099-41F9-AF99-09B22E811277}"
EndProject
Project("{9A19103F-16F7-4668-BE54-9A1E7A4F7556}") = "PaymentService.Api", "src\Services\PaymentService\PaymentService.Api\PaymentService.Api.csproj", "{07055B93-8135-469A-991F-81CE4F2867DA}"
EndProject
Project("{2150E333-8FDC-42A3-9474-1A3956D46DE8}") = "tests", "tests", "{BD2E4BE1-FB9B-48DA-B3AE-98F9CA508A5A}"
EndProject
Project("{2150E333-8FDC-42A3-9474-1A3956D46DE8}") = "BuildingBlocks", "BuildingBlocks", "{830CEA13-9769-48A7-AD31-D525B5F77B3C}"
EndProject
Project("{9A19103F-16F7-4668-BE54-9A1E7A4F7556}") = "EventBus.UnitTest", "tests\BuildingBlocks\EventBus.UnitTest\EventBus.UnitTest.csproj", "{A1354E63-AC16-49DF-964A-25C5749E7594}"
EndProject
Project("{2150E333-8FDC-42A3-9474-1A3956D46DE8}") = "docker-compose-files", "docker-compose-files", "{F478EAF5-58D3-4A35-9DE1-73F7E617795D}"
EndProject
Project("{2150E333-8FDC-42A3-9474-1A3956D46DE8}") = "consul", "consul", "{C48C7080-A1F1-44E2-8250-734F6B9BD291}"
	ProjectSection(SolutionItems) = preProject
		docker-compose-files\consul\docker-compose.yml = docker-compose-files\consul\docker-compose.yml
	EndProjectSection
EndProject
Project("{2150E333-8FDC-42A3-9474-1A3956D46DE8}") = "rabbitmq", "rabbitmq", "{26637061-8BD3-4594-9510-CFD420FED7B6}"
	ProjectSection(SolutionItems) = preProject
		docker-compose-files\rabbitmq\docker-compose.yml = docker-compose-files\rabbitmq\docker-compose.yml
	EndProjectSection
EndProject
Project("{2150E333-8FDC-42A3-9474-1A3956D46DE8}") = "sqlserver", "sqlserver", "{E7C40461-EBAF-445B-A779-71942B6E9649}"
	ProjectSection(SolutionItems) = preProject
		docker-compose-files\sqlserver\docker-compose.yml = docker-compose-files\sqlserver\docker-compose.yml
	EndProjectSection
EndProject
Project("{2150E333-8FDC-42A3-9474-1A3956D46DE8}") = "redis", "redis", "{850FAB34-5509-48A9-A892-F742517313A7}"
	ProjectSection(SolutionItems) = preProject
		docker-compose-files\redis\docker-compose.yml = docker-compose-files\redis\docker-compose.yml
	EndProjectSection
EndProject
Project("{E53339B2-1760-4266-BCC7-CA923CBCF16C}") = "docker-compose", "docker-compose.dcproj", "{ABE8489B-EDF6-4785-B9B8-4685E9436E09}"
EndProject
Global
	GlobalSection(SolutionConfigurationPlatforms) = preSolution
		Debug|Any CPU = Debug|Any CPU
		Debug|x64 = Debug|x64
		Release|Any CPU = Release|Any CPU
		Release|x64 = Release|x64
	EndGlobalSection
	GlobalSection(ProjectConfigurationPlatforms) = postSolution
		{03F9814F-08B4-4BF8-A9C7-B1453494F474}.Debug|Any CPU.ActiveCfg = Debug|Any CPU
		{03F9814F-08B4-4BF8-A9C7-B1453494F474}.Debug|Any CPU.Build.0 = Debug|Any CPU
		{03F9814F-08B4-4BF8-A9C7-B1453494F474}.Debug|x64.ActiveCfg = Debug|Any CPU
		{03F9814F-08B4-4BF8-A9C7-B1453494F474}.Debug|x64.Build.0 = Debug|Any CPU
		{03F9814F-08B4-4BF8-A9C7-B1453494F474}.Release|Any CPU.ActiveCfg = Release|Any CPU
		{03F9814F-08B4-4BF8-A9C7-B1453494F474}.Release|Any CPU.Build.0 = Release|Any CPU
		{03F9814F-08B4-4BF8-A9C7-B1453494F474}.Release|x64.ActiveCfg = Release|Any CPU
		{03F9814F-08B4-4BF8-A9C7-B1453494F474}.Release|x64.Build.0 = Release|Any CPU
		{0FED635A-7B32-4FA9-8E0B-5AC058565A09}.Debug|Any CPU.ActiveCfg = Debug|Any CPU
		{0FED635A-7B32-4FA9-8E0B-5AC058565A09}.Debug|Any CPU.Build.0 = Debug|Any CPU
		{0FED635A-7B32-4FA9-8E0B-5AC058565A09}.Debug|x64.ActiveCfg = Debug|Any CPU
		{0FED635A-7B32-4FA9-8E0B-5AC058565A09}.Debug|x64.Build.0 = Debug|Any CPU
		{0FED635A-7B32-4FA9-8E0B-5AC058565A09}.Release|Any CPU.ActiveCfg = Release|Any CPU
		{0FED635A-7B32-4FA9-8E0B-5AC058565A09}.Release|Any CPU.Build.0 = Release|Any CPU
		{0FED635A-7B32-4FA9-8E0B-5AC058565A09}.Release|x64.ActiveCfg = Release|Any CPU
		{0FED635A-7B32-4FA9-8E0B-5AC058565A09}.Release|x64.Build.0 = Release|Any CPU
		{723D5BAF-99BC-43E6-9289-6C7AE58CD2D9}.Debug|Any CPU.ActiveCfg = Debug|Any CPU
		{723D5BAF-99BC-43E6-9289-6C7AE58CD2D9}.Debug|Any CPU.Build.0 = Debug|Any CPU
		{723D5BAF-99BC-43E6-9289-6C7AE58CD2D9}.Debug|x64.ActiveCfg = Debug|Any CPU
		{723D5BAF-99BC-43E6-9289-6C7AE58CD2D9}.Debug|x64.Build.0 = Debug|Any CPU
		{723D5BAF-99BC-43E6-9289-6C7AE58CD2D9}.Release|Any CPU.ActiveCfg = Release|Any CPU
		{723D5BAF-99BC-43E6-9289-6C7AE58CD2D9}.Release|Any CPU.Build.0 = Release|Any CPU
		{723D5BAF-99BC-43E6-9289-6C7AE58CD2D9}.Release|x64.ActiveCfg = Release|Any CPU
		{723D5BAF-99BC-43E6-9289-6C7AE58CD2D9}.Release|x64.Build.0 = Release|Any CPU
		{AB0D0DA4-236E-4859-9F1D-DB79B00B6D09}.Debug|Any CPU.ActiveCfg = Debug|Any CPU
		{AB0D0DA4-236E-4859-9F1D-DB79B00B6D09}.Debug|Any CPU.Build.0 = Debug|Any CPU
		{AB0D0DA4-236E-4859-9F1D-DB79B00B6D09}.Debug|x64.ActiveCfg = Debug|Any CPU
		{AB0D0DA4-236E-4859-9F1D-DB79B00B6D09}.Debug|x64.Build.0 = Debug|Any CPU
		{AB0D0DA4-236E-4859-9F1D-DB79B00B6D09}.Release|Any CPU.ActiveCfg = Release|Any CPU
		{AB0D0DA4-236E-4859-9F1D-DB79B00B6D09}.Release|Any CPU.Build.0 = Release|Any CPU
		{AB0D0DA4-236E-4859-9F1D-DB79B00B6D09}.Release|x64.ActiveCfg = Release|Any CPU
		{AB0D0DA4-236E-4859-9F1D-DB79B00B6D09}.Release|x64.Build.0 = Release|Any CPU
		{74E048B7-68F3-4BA1-9D05-15331A6873E9}.Debug|Any CPU.ActiveCfg = Debug|Any CPU
		{74E048B7-68F3-4BA1-9D05-15331A6873E9}.Debug|Any CPU.Build.0 = Debug|Any CPU
		{74E048B7-68F3-4BA1-9D05-15331A6873E9}.Debug|x64.ActiveCfg = Debug|Any CPU
		{74E048B7-68F3-4BA1-9D05-15331A6873E9}.Debug|x64.Build.0 = Debug|Any CPU
		{74E048B7-68F3-4BA1-9D05-15331A6873E9}.Release|Any CPU.ActiveCfg = Release|Any CPU
		{74E048B7-68F3-4BA1-9D05-15331A6873E9}.Release|Any CPU.Build.0 = Release|Any CPU
		{74E048B7-68F3-4BA1-9D05-15331A6873E9}.Release|x64.ActiveCfg = Release|Any CPU
		{74E048B7-68F3-4BA1-9D05-15331A6873E9}.Release|x64.Build.0 = Release|Any CPU
		{BA64F436-82EA-4F08-AB4F-80C88A0A21F9}.Debug|Any CPU.ActiveCfg = Debug|Any CPU
		{BA64F436-82EA-4F08-AB4F-80C88A0A21F9}.Debug|Any CPU.Build.0 = Debug|Any CPU
		{BA64F436-82EA-4F08-AB4F-80C88A0A21F9}.Debug|x64.ActiveCfg = Debug|Any CPU
		{BA64F436-82EA-4F08-AB4F-80C88A0A21F9}.Debug|x64.Build.0 = Debug|Any CPU
		{BA64F436-82EA-4F08-AB4F-80C88A0A21F9}.Release|Any CPU.ActiveCfg = Release|Any CPU
		{BA64F436-82EA-4F08-AB4F-80C88A0A21F9}.Release|Any CPU.Build.0 = Release|Any CPU
		{BA64F436-82EA-4F08-AB4F-80C88A0A21F9}.Release|x64.ActiveCfg = Release|Any CPU
		{BA64F436-82EA-4F08-AB4F-80C88A0A21F9}.Release|x64.Build.0 = Release|Any CPU
		{D3AC8167-F28D-4C4B-8423-FAF8EE82B2F0}.Debug|Any CPU.ActiveCfg = Debug|Any CPU
		{D3AC8167-F28D-4C4B-8423-FAF8EE82B2F0}.Debug|Any CPU.Build.0 = Debug|Any CPU
		{D3AC8167-F28D-4C4B-8423-FAF8EE82B2F0}.Debug|x64.ActiveCfg = Debug|Any CPU
		{D3AC8167-F28D-4C4B-8423-FAF8EE82B2F0}.Debug|x64.Build.0 = Debug|Any CPU
		{D3AC8167-F28D-4C4B-8423-FAF8EE82B2F0}.Release|Any CPU.ActiveCfg = Release|Any CPU
		{D3AC8167-F28D-4C4B-8423-FAF8EE82B2F0}.Release|Any CPU.Build.0 = Release|Any CPU
		{D3AC8167-F28D-4C4B-8423-FAF8EE82B2F0}.Release|x64.ActiveCfg = Release|Any CPU
		{D3AC8167-F28D-4C4B-8423-FAF8EE82B2F0}.Release|x64.Build.0 = Release|Any CPU
		{5D8E6496-4182-4005-9EC1-9C5C8E3D15CD}.Debug|Any CPU.ActiveCfg = Debug|Any CPU
		{5D8E6496-4182-4005-9EC1-9C5C8E3D15CD}.Debug|Any CPU.Build.0 = Debug|Any CPU
		{5D8E6496-4182-4005-9EC1-9C5C8E3D15CD}.Debug|x64.ActiveCfg = Debug|Any CPU
		{5D8E6496-4182-4005-9EC1-9C5C8E3D15CD}.Debug|x64.Build.0 = Debug|Any CPU
		{5D8E6496-4182-4005-9EC1-9C5C8E3D15CD}.Release|Any CPU.ActiveCfg = Release|Any CPU
		{5D8E6496-4182-4005-9EC1-9C5C8E3D15CD}.Release|Any CPU.Build.0 = Release|Any CPU
		{5D8E6496-4182-4005-9EC1-9C5C8E3D15CD}.Release|x64.ActiveCfg = Release|Any CPU
		{5D8E6496-4182-4005-9EC1-9C5C8E3D15CD}.Release|x64.Build.0 = Release|Any CPU
		{62DE1169-E25F-4517-BA55-1E1D10E74D72}.Debug|Any CPU.ActiveCfg = Debug|Any CPU
		{62DE1169-E25F-4517-BA55-1E1D10E74D72}.Debug|Any CPU.Build.0 = Debug|Any CPU
		{62DE1169-E25F-4517-BA55-1E1D10E74D72}.Debug|x64.ActiveCfg = Debug|Any CPU
		{62DE1169-E25F-4517-BA55-1E1D10E74D72}.Debug|x64.Build.0 = Debug|Any CPU
		{62DE1169-E25F-4517-BA55-1E1D10E74D72}.Release|Any CPU.ActiveCfg = Release|Any CPU
		{62DE1169-E25F-4517-BA55-1E1D10E74D72}.Release|Any CPU.Build.0 = Release|Any CPU
		{62DE1169-E25F-4517-BA55-1E1D10E74D72}.Release|x64.ActiveCfg = Release|Any CPU
		{62DE1169-E25F-4517-BA55-1E1D10E74D72}.Release|x64.Build.0 = Release|Any CPU
		{46802FC4-FB1C-46AA-A11F-3659125F249E}.Debug|Any CPU.ActiveCfg = Debug|Any CPU
		{46802FC4-FB1C-46AA-A11F-3659125F249E}.Debug|Any CPU.Build.0 = Debug|Any CPU
		{46802FC4-FB1C-46AA-A11F-3659125F249E}.Debug|x64.ActiveCfg = Debug|Any CPU
		{46802FC4-FB1C-46AA-A11F-3659125F249E}.Debug|x64.Build.0 = Debug|Any CPU
		{46802FC4-FB1C-46AA-A11F-3659125F249E}.Release|Any CPU.ActiveCfg = Release|Any CPU
		{46802FC4-FB1C-46AA-A11F-3659125F249E}.Release|Any CPU.Build.0 = Release|Any CPU
		{46802FC4-FB1C-46AA-A11F-3659125F249E}.Release|x64.ActiveCfg = Release|Any CPU
		{46802FC4-FB1C-46AA-A11F-3659125F249E}.Release|x64.Build.0 = Release|Any CPU
		{3E915A6E-6929-4DB6-88EF-BE51270BD6EF}.Debug|Any CPU.ActiveCfg = Debug|Any CPU
		{3E915A6E-6929-4DB6-88EF-BE51270BD6EF}.Debug|Any CPU.Build.0 = Debug|Any CPU
		{3E915A6E-6929-4DB6-88EF-BE51270BD6EF}.Debug|x64.ActiveCfg = Debug|Any CPU
		{3E915A6E-6929-4DB6-88EF-BE51270BD6EF}.Debug|x64.Build.0 = Debug|Any CPU
		{3E915A6E-6929-4DB6-88EF-BE51270BD6EF}.Release|Any CPU.ActiveCfg = Release|Any CPU
		{3E915A6E-6929-4DB6-88EF-BE51270BD6EF}.Release|Any CPU.Build.0 = Release|Any CPU
		{3E915A6E-6929-4DB6-88EF-BE51270BD6EF}.Release|x64.ActiveCfg = Release|Any CPU
		{3E915A6E-6929-4DB6-88EF-BE51270BD6EF}.Release|x64.Build.0 = Release|Any CPU
		{2C52AA4F-6F90-4C7E-8333-0DFC96ACA325}.Debug|Any CPU.ActiveCfg = Debug|Any CPU
		{2C52AA4F-6F90-4C7E-8333-0DFC96ACA325}.Debug|Any CPU.Build.0 = Debug|Any CPU
		{2C52AA4F-6F90-4C7E-8333-0DFC96ACA325}.Debug|x64.ActiveCfg = Debug|Any CPU
		{2C52AA4F-6F90-4C7E-8333-0DFC96ACA325}.Debug|x64.Build.0 = Debug|Any CPU
		{2C52AA4F-6F90-4C7E-8333-0DFC96ACA325}.Release|Any CPU.ActiveCfg = Release|Any CPU
		{2C52AA4F-6F90-4C7E-8333-0DFC96ACA325}.Release|Any CPU.Build.0 = Release|Any CPU
		{2C52AA4F-6F90-4C7E-8333-0DFC96ACA325}.Release|x64.ActiveCfg = Release|Any CPU
		{2C52AA4F-6F90-4C7E-8333-0DFC96ACA325}.Release|x64.Build.0 = Release|Any CPU
		{FF2CBB60-BC34-4EA4-A90B-A9A4F521765D}.Debug|Any CPU.ActiveCfg = Debug|Any CPU
		{FF2CBB60-BC34-4EA4-A90B-A9A4F521765D}.Debug|Any CPU.Build.0 = Debug|Any CPU
		{FF2CBB60-BC34-4EA4-A90B-A9A4F521765D}.Debug|x64.ActiveCfg = Debug|Any CPU
		{FF2CBB60-BC34-4EA4-A90B-A9A4F521765D}.Debug|x64.Build.0 = Debug|Any CPU
		{FF2CBB60-BC34-4EA4-A90B-A9A4F521765D}.Release|Any CPU.ActiveCfg = Release|Any CPU
		{FF2CBB60-BC34-4EA4-A90B-A9A4F521765D}.Release|Any CPU.Build.0 = Release|Any CPU
		{FF2CBB60-BC34-4EA4-A90B-A9A4F521765D}.Release|x64.ActiveCfg = Release|Any CPU
		{FF2CBB60-BC34-4EA4-A90B-A9A4F521765D}.Release|x64.Build.0 = Release|Any CPU
		{6710A90F-3026-4D0A-9CDB-C74DAAB76B84}.Debug|Any CPU.ActiveCfg = Debug|Any CPU
		{6710A90F-3026-4D0A-9CDB-C74DAAB76B84}.Debug|Any CPU.Build.0 = Debug|Any CPU
		{6710A90F-3026-4D0A-9CDB-C74DAAB76B84}.Debug|x64.ActiveCfg = Debug|Any CPU
		{6710A90F-3026-4D0A-9CDB-C74DAAB76B84}.Debug|x64.Build.0 = Debug|Any CPU
		{6710A90F-3026-4D0A-9CDB-C74DAAB76B84}.Release|Any CPU.ActiveCfg = Release|Any CPU
		{6710A90F-3026-4D0A-9CDB-C74DAAB76B84}.Release|Any CPU.Build.0 = Release|Any CPU
		{6710A90F-3026-4D0A-9CDB-C74DAAB76B84}.Release|x64.ActiveCfg = Release|Any CPU
		{6710A90F-3026-4D0A-9CDB-C74DAAB76B84}.Release|x64.Build.0 = Release|Any CPU
		{07055B93-8135-469A-991F-81CE4F2867DA}.Debug|Any CPU.ActiveCfg = Debug|Any CPU
		{07055B93-8135-469A-991F-81CE4F2867DA}.Debug|Any CPU.Build.0 = Debug|Any CPU
		{07055B93-8135-469A-991F-81CE4F2867DA}.Debug|x64.ActiveCfg = Debug|Any CPU
		{07055B93-8135-469A-991F-81CE4F2867DA}.Debug|x64.Build.0 = Debug|Any CPU
		{07055B93-8135-469A-991F-81CE4F2867DA}.Release|Any CPU.ActiveCfg = Release|Any CPU
		{07055B93-8135-469A-991F-81CE4F2867DA}.Release|Any CPU.Build.0 = Release|Any CPU
		{07055B93-8135-469A-991F-81CE4F2867DA}.Release|x64.ActiveCfg = Release|Any CPU
		{07055B93-8135-469A-991F-81CE4F2867DA}.Release|x64.Build.0 = Release|Any CPU
		{A1354E63-AC16-49DF-964A-25C5749E7594}.Debug|Any CPU.ActiveCfg = Debug|Any CPU
		{A1354E63-AC16-49DF-964A-25C5749E7594}.Debug|Any CPU.Build.0 = Debug|Any CPU
		{A1354E63-AC16-49DF-964A-25C5749E7594}.Debug|x64.ActiveCfg = Debug|Any CPU
		{A1354E63-AC16-49DF-964A-25C5749E7594}.Debug|x64.Build.0 = Debug|Any CPU
		{A1354E63-AC16-49DF-964A-25C5749E7594}.Release|Any CPU.ActiveCfg = Release|Any CPU
		{A1354E63-AC16-49DF-964A-25C5749E7594}.Release|Any CPU.Build.0 = Release|Any CPU
		{A1354E63-AC16-49DF-964A-25C5749E7594}.Release|x64.ActiveCfg = Release|Any CPU
		{A1354E63-AC16-49DF-964A-25C5749E7594}.Release|x64.Build.0 = Release|Any CPU
		{ABE8489B-EDF6-4785-B9B8-4685E9436E09}.Debug|Any CPU.ActiveCfg = Debug|Any CPU
		{ABE8489B-EDF6-4785-B9B8-4685E9436E09}.Debug|Any CPU.Build.0 = Debug|Any CPU
		{ABE8489B-EDF6-4785-B9B8-4685E9436E09}.Debug|x64.ActiveCfg = Debug|Any CPU
		{ABE8489B-EDF6-4785-B9B8-4685E9436E09}.Debug|x64.Build.0 = Debug|Any CPU
		{ABE8489B-EDF6-4785-B9B8-4685E9436E09}.Release|Any CPU.ActiveCfg = Release|Any CPU
		{ABE8489B-EDF6-4785-B9B8-4685E9436E09}.Release|Any CPU.Build.0 = Release|Any CPU
		{ABE8489B-EDF6-4785-B9B8-4685E9436E09}.Release|x64.ActiveCfg = Release|Any CPU
		{ABE8489B-EDF6-4785-B9B8-4685E9436E09}.Release|x64.Build.0 = Release|Any CPU
	EndGlobalSection
	GlobalSection(SolutionProperties) = preSolution
		HideSolutionNode = FALSE
	EndGlobalSection
	GlobalSection(NestedProjects) = preSolution
		{2A59AEE0-CCD3-4F17-AC6E-5A9BCA75B345} = {69317E21-48AA-4455-9EF9-3C268C68E0FB}
		{64BDD445-DA89-4A83-81BE-4DB376C50220} = {69317E21-48AA-4455-9EF9-3C268C68E0FB}
		{E8318620-60FB-4F9F-9E98-3FE4D227968B} = {69317E21-48AA-4455-9EF9-3C268C68E0FB}
		{7A3B7F3F-323F-49B6-90C7-7F84458CE9EE} = {69317E21-48AA-4455-9EF9-3C268C68E0FB}
		{701CEF9E-5A7A-413B-B2E4-42F1C2707CFC} = {2A59AEE0-CCD3-4F17-AC6E-5A9BCA75B345}
		{03F9814F-08B4-4BF8-A9C7-B1453494F474} = {701CEF9E-5A7A-413B-B2E4-42F1C2707CFC}
		{0214B343-C1F8-426E-9F09-A3C420D17623} = {64BDD445-DA89-4A83-81BE-4DB376C50220}
		{0FED635A-7B32-4FA9-8E0B-5AC058565A09} = {0214B343-C1F8-426E-9F09-A3C420D17623}
		{723D5BAF-99BC-43E6-9289-6C7AE58CD2D9} = {0214B343-C1F8-426E-9F09-A3C420D17623}
		{AB0D0DA4-236E-4859-9F1D-DB79B00B6D09} = {0214B343-C1F8-426E-9F09-A3C420D17623}
		{74E048B7-68F3-4BA1-9D05-15331A6873E9} = {0214B343-C1F8-426E-9F09-A3C420D17623}
		{3505A2D1-16C1-4BEB-9186-F90071C752A9} = {7A3B7F3F-323F-49B6-90C7-7F84458CE9EE}
		{BA64F436-82EA-4F08-AB4F-80C88A0A21F9} = {3505A2D1-16C1-4BEB-9186-F90071C752A9}
		{DC0C3366-2A5A-4621-AE51-FF1675BE2D89} = {E8318620-60FB-4F9F-9E98-3FE4D227968B}
		{D3AC8167-F28D-4C4B-8423-FAF8EE82B2F0} = {DC0C3366-2A5A-4621-AE51-FF1675BE2D89}
		{F19D88C3-F4FE-4060-AD8B-444C6C2035EA} = {E8318620-60FB-4F9F-9E98-3FE4D227968B}
		{5D8E6496-4182-4005-9EC1-9C5C8E3D15CD} = {F19D88C3-F4FE-4060-AD8B-444C6C2035EA}
		{3979E8EA-4F37-495F-94DA-D5688420D83F} = {E8318620-60FB-4F9F-9E98-3FE4D227968B}
		{62DE1169-E25F-4517-BA55-1E1D10E74D72} = {3979E8EA-4F37-495F-94DA-D5688420D83F}
		{6DB13EFB-2CA3-4B85-B36C-3B4107BE258C} = {E8318620-60FB-4F9F-9E98-3FE4D227968B}
		{46802FC4-FB1C-46AA-A11F-3659125F249E} = {6DB13EFB-2CA3-4B85-B36C-3B4107BE258C}
		{7598157E-D6A3-4C91-916C-EC514E3EFF74} = {E8318620-60FB-4F9F-9E98-3FE4D227968B}
		{3E915A6E-6929-4DB6-88EF-BE51270BD6EF} = {7598157E-D6A3-4C91-916C-EC514E3EFF74}
		{2C52AA4F-6F90-4C7E-8333-0DFC96ACA325} = {7598157E-D6A3-4C91-916C-EC514E3EFF74}
		{FF2CBB60-BC34-4EA4-A90B-A9A4F521765D} = {7598157E-D6A3-4C91-916C-EC514E3EFF74}
		{6710A90F-3026-4D0A-9CDB-C74DAAB76B84} = {7598157E-D6A3-4C91-916C-EC514E3EFF74}
		{39F93B3D-E099-41F9-AF99-09B22E811277} = {E8318620-60FB-4F9F-9E98-3FE4D227968B}
		{07055B93-8135-469A-991F-81CE4F2867DA} = {39F93B3D-E099-41F9-AF99-09B22E811277}
		{830CEA13-9769-48A7-AD31-D525B5F77B3C} = {BD2E4BE1-FB9B-48DA-B3AE-98F9CA508A5A}
		{A1354E63-AC16-49DF-964A-25C5749E7594} = {830CEA13-9769-48A7-AD31-D525B5F77B3C}
		{C48C7080-A1F1-44E2-8250-734F6B9BD291} = {F478EAF5-58D3-4A35-9DE1-73F7E617795D}
		{26637061-8BD3-4594-9510-CFD420FED7B6} = {F478EAF5-58D3-4A35-9DE1-73F7E617795D}
		{E7C40461-EBAF-445B-A779-71942B6E9649} = {F478EAF5-58D3-4A35-9DE1-73F7E617795D}
		{850FAB34-5509-48A9-A892-F742517313A7} = {F478EAF5-58D3-4A35-9DE1-73F7E617795D}
	EndGlobalSection
	GlobalSection(ExtensibilityGlobals) = postSolution
		SolutionGuid = {8135F411-23AB-4B9D-B345-E7C32F160369}
	EndGlobalSection
EndGlobal
